// !$*UTF8*$!
{
	archiveVersion = 1;
	classes = {
	};
	objectVersion = 56;
	objects = {

/* Begin PBXBuildFile section */
		17BF1DFD2A01291500F1E530 /* AppDelegate.swift in Sources */ = {isa = PBXBuildFile; fileRef = 17BF1DFC2A01291500F1E530 /* AppDelegate.swift */; };
		17BF1DFF2A01291500F1E530 /* SceneDelegate.swift in Sources */ = {isa = PBXBuildFile; fileRef = 17BF1DFE2A01291500F1E530 /* SceneDelegate.swift */; };
		17BF1E012A01291500F1E530 /* HomeViewController.swift in Sources */ = {isa = PBXBuildFile; fileRef = 17BF1E002A01291500F1E530 /* HomeViewController.swift */; };
		17BF1E042A01291500F1E530 /* Main.storyboard in Resources */ = {isa = PBXBuildFile; fileRef = 17BF1E022A01291500F1E530 /* Main.storyboard */; };
		17BF1E062A01291900F1E530 /* Assets.xcassets in Resources */ = {isa = PBXBuildFile; fileRef = 17BF1E052A01291900F1E530 /* Assets.xcassets */; };
		17BF1E092A01291900F1E530 /* LaunchScreen.storyboard in Resources */ = {isa = PBXBuildFile; fileRef = 17BF1E072A01291900F1E530 /* LaunchScreen.storyboard */; };
		17BF1E142A0138FE00F1E530 /* RegistrationViewController.swift in Sources */ = {isa = PBXBuildFile; fileRef = 17BF1E132A0138FE00F1E530 /* RegistrationViewController.swift */; };
		17BF1E162A013F9700F1E530 /* DashboardViewController.swift in Sources */ = {isa = PBXBuildFile; fileRef = 17BF1E152A013F9700F1E530 /* DashboardViewController.swift */; };
		17BF1E182A01422F00F1E530 /* UserProfileViewController.swift in Sources */ = {isa = PBXBuildFile; fileRef = 17BF1E172A01422F00F1E530 /* UserProfileViewController.swift */; };
		17BF1E1A2A014DD800F1E530 /* DetailViewController.swift in Sources */ = {isa = PBXBuildFile; fileRef = 17BF1E192A014DD800F1E530 /* DetailViewController.swift */; };
		17BF1E1C2A015C7300F1E530 /* TVShow.swift in Sources */ = {isa = PBXBuildFile; fileRef = 17BF1E1B2A015C7300F1E530 /* TVShow.swift */; };
		17BF1E1E2A015E3600F1E530 /* TVShowManager.swift in Sources */ = {isa = PBXBuildFile; fileRef = 17BF1E1D2A015E3600F1E530 /* TVShowManager.swift */; };
/* End PBXBuildFile section */

/* Begin PBXFileReference section */
		17BF1DF92A01291500F1E530 /* Life Plus.app */ = {isa = PBXFileReference; explicitFileType = wrapper.application; includeInIndex = 0; path = "Life Plus.app"; sourceTree = BUILT_PRODUCTS_DIR; };
		17BF1DFC2A01291500F1E530 /* AppDelegate.swift */ = {isa = PBXFileReference; lastKnownFileType = sourcecode.swift; path = AppDelegate.swift; sourceTree = "<group>"; };
		17BF1DFE2A01291500F1E530 /* SceneDelegate.swift */ = {isa = PBXFileReference; lastKnownFileType = sourcecode.swift; path = SceneDelegate.swift; sourceTree = "<group>"; };
		17BF1E002A01291500F1E530 /* HomeViewController.swift */ = {isa = PBXFileReference; lastKnownFileType = sourcecode.swift; path = HomeViewController.swift; sourceTree = "<group>"; };
		17BF1E032A01291500F1E530 /* Base */ = {isa = PBXFileReference; lastKnownFileType = file.storyboard; name = Base; path = Base.lproj/Main.storyboard; sourceTree = "<group>"; };
		17BF1E052A01291900F1E530 /* Assets.xcassets */ = {isa = PBXFileReference; lastKnownFileType = folder.assetcatalog; path = Assets.xcassets; sourceTree = "<group>"; };
		17BF1E082A01291900F1E530 /* Base */ = {isa = PBXFileReference; lastKnownFileType = file.storyboard; name = Base; path = Base.lproj/LaunchScreen.storyboard; sourceTree = "<group>"; };
		17BF1E0A2A01291900F1E530 /* Info.plist */ = {isa = PBXFileReference; lastKnownFileType = text.plist.xml; path = Info.plist; sourceTree = "<group>"; };
		17BF1E132A0138FE00F1E530 /* RegistrationViewController.swift */ = {isa = PBXFileReference; lastKnownFileType = sourcecode.swift; path = RegistrationViewController.swift; sourceTree = "<group>"; };
		17BF1E152A013F9700F1E530 /* DashboardViewController.swift */ = {isa = PBXFileReference; lastKnownFileType = sourcecode.swift; path = DashboardViewController.swift; sourceTree = "<group>"; };
		17BF1E172A01422F00F1E530 /* UserProfileViewController.swift */ = {isa = PBXFileReference; lastKnownFileType = sourcecode.swift; path = UserProfileViewController.swift; sourceTree = "<group>"; };
		17BF1E192A014DD800F1E530 /* DetailViewController.swift */ = {isa = PBXFileReference; lastKnownFileType = sourcecode.swift; path = DetailViewController.swift; sourceTree = "<group>"; };
		17BF1E1B2A015C7300F1E530 /* TVShow.swift */ = {isa = PBXFileReference; lastKnownFileType = sourcecode.swift; path = TVShow.swift; sourceTree = "<group>"; };
		17BF1E1D2A015E3600F1E530 /* TVShowManager.swift */ = {isa = PBXFileReference; lastKnownFileType = sourcecode.swift; path = TVShowManager.swift; sourceTree = "<group>"; };
/* End PBXFileReference section */

/* Begin PBXFrameworksBuildPhase section */
		17BF1DF62A01291500F1E530 /* Frameworks */ = {
			isa = PBXFrameworksBuildPhase;
			buildActionMask = 2147483647;
			files = (
			);
			runOnlyForDeploymentPostprocessing = 0;
		};
/* End PBXFrameworksBuildPhase section */

/* Begin PBXGroup section */
		17BF1DF02A01291500F1E530 = {
			isa = PBXGroup;
			children = (
				17BF1DFB2A01291500F1E530 /* Life Plus */,
				17BF1DFA2A01291500F1E530 /* Products */,
			);
			sourceTree = "<group>";
		};
		17BF1DFA2A01291500F1E530 /* Products */ = {
			isa = PBXGroup;
			children = (
				17BF1DF92A01291500F1E530 /* Life Plus.app */,
			);
			name = Products;
			sourceTree = "<group>";
		};
		17BF1DFB2A01291500F1E530 /* Life Plus */ = {
			isa = PBXGroup;
			children = (
				17BF1DFC2A01291500F1E530 /* AppDelegate.swift */,
				17BF1DFE2A01291500F1E530 /* SceneDelegate.swift */,
				17BF1E122A0138C300F1E530 /* Model */,
				17BF1E112A0138B000F1E530 /* View */,
				17BF1E102A0138A100F1E530 /* Controller */,
				17BF1E052A01291900F1E530 /* Assets.xcassets */,
				17BF1E072A01291900F1E530 /* LaunchScreen.storyboard */,
				17BF1E0A2A01291900F1E530 /* Info.plist */,
			);
			path = "Life Plus";
			sourceTree = "<group>";
		};
		17BF1E102A0138A100F1E530 /* Controller */ = {
			isa = PBXGroup;
			children = (
				17BF1E002A01291500F1E530 /* HomeViewController.swift */,
				17BF1E132A0138FE00F1E530 /* RegistrationViewController.swift */,
				17BF1E152A013F9700F1E530 /* DashboardViewController.swift */,
				17BF1E172A01422F00F1E530 /* UserProfileViewController.swift */,
				17BF1E192A014DD800F1E530 /* DetailViewController.swift */,
			);
			path = Controller;
			sourceTree = "<group>";
		};
		17BF1E112A0138B000F1E530 /* View */ = {
			isa = PBXGroup;
			children = (
				17BF1E022A01291500F1E530 /* Main.storyboard */,
			);
			path = View;
			sourceTree = "<group>";
		};
		17BF1E122A0138C300F1E530 /* Model */ = {
			isa = PBXGroup;
			children = (
				17BF1E1B2A015C7300F1E530 /* TVShow.swift */,
				17BF1E1D2A015E3600F1E530 /* TVShowManager.swift */,
			);
			name = Model;
			sourceTree = "<group>";
		};
/* End PBXGroup section */

/* Begin PBXNativeTarget section */
		17BF1DF82A01291500F1E530 /* Life Plus */ = {
			isa = PBXNativeTarget;
			buildConfigurationList = 17BF1E0D2A01291900F1E530 /* Build configuration list for PBXNativeTarget "Life Plus" */;
			buildPhases = (
				17BF1DF52A01291500F1E530 /* Sources */,
				17BF1DF62A01291500F1E530 /* Frameworks */,
				17BF1DF72A01291500F1E530 /* Resources */,
			);
			buildRules = (
			);
			dependencies = (
			);
			name = "Life Plus";
			productName = "Life Plus";
			productReference = 17BF1DF92A01291500F1E530 /* Life Plus.app */;
			productType = "com.apple.product-type.application";
		};
/* End PBXNativeTarget section */

/* Begin PBXProject section */
		17BF1DF12A01291500F1E530 /* Project object */ = {
			isa = PBXProject;
			attributes = {
				BuildIndependentTargetsInParallel = 1;
				LastSwiftUpdateCheck = 1420;
				LastUpgradeCheck = 1420;
				TargetAttributes = {
					17BF1DF82A01291500F1E530 = {
						CreatedOnToolsVersion = 14.2;
					};
				};
			};
			buildConfigurationList = 17BF1DF42A01291500F1E530 /* Build configuration list for PBXProject "Life Plus" */;
			compatibilityVersion = "Xcode 14.0";
			developmentRegion = en;
			hasScannedForEncodings = 0;
			knownRegions = (
				en,
				Base,
			);
			mainGroup = 17BF1DF02A01291500F1E530;
			productRefGroup = 17BF1DFA2A01291500F1E530 /* Products */;
			projectDirPath = "";
			projectRoot = "";
			targets = (
				17BF1DF82A01291500F1E530 /* Life Plus */,
			);
		};
/* End PBXProject section */

/* Begin PBXResourcesBuildPhase section */
		17BF1DF72A01291500F1E530 /* Resources */ = {
			isa = PBXResourcesBuildPhase;
			buildActionMask = 2147483647;
			files = (
				17BF1E092A01291900F1E530 /* LaunchScreen.storyboard in Resources */,
				17BF1E062A01291900F1E530 /* Assets.xcassets in Resources */,
				17BF1E042A01291500F1E530 /* Main.storyboard in Resources */,
			);
			runOnlyForDeploymentPostprocessing = 0;
		};
/* End PBXResourcesBuildPhase section */

/* Begin PBXSourcesBuildPhase section */
		17BF1DF52A01291500F1E530 /* Sources */ = {
			isa = PBXSourcesBuildPhase;
			buildActionMask = 2147483647;
			files = (
				17BF1E012A01291500F1E530 /* HomeViewController.swift in Sources */,
				17BF1E182A01422F00F1E530 /* UserProfileViewController.swift in Sources */,
				17BF1E1C2A015C7300F1E530 /* TVShow.swift in Sources */,
				17BF1DFD2A01291500F1E530 /* AppDelegate.swift in Sources */,
				17BF1E142A0138FE00F1E530 /* RegistrationViewController.swift in Sources */,
				17BF1E162A013F9700F1E530 /* DashboardViewController.swift in Sources */,
				17BF1DFF2A01291500F1E530 /* SceneDelegate.swift in Sources */,
				17BF1E1E2A015E3600F1E530 /* TVShowManager.swift in Sources */,
				17BF1E1A2A014DD800F1E530 /* DetailViewController.swift in Sources */,
			);
			runOnlyForDeploymentPostprocessing = 0;
		};
/* End PBXSourcesBuildPhase section */

/* Begin PBXVariantGroup section */
		17BF1E022A01291500F1E530 /* Main.storyboard */ = {
			isa = PBXVariantGroup;
			children = (
				17BF1E032A01291500F1E530 /* Base */,
			);
			name = Main.storyboard;
			sourceTree = "<group>";
		};
		17BF1E072A01291900F1E530 /* LaunchScreen.storyboard */ = {
			isa = PBXVariantGroup;
			children = (
				17BF1E082A01291900F1E530 /* Base */,
			);
			name = LaunchScreen.storyboard;
			sourceTree = "<group>";
		};
/* End PBXVariantGroup section */

/* Begin XCBuildConfiguration section */
		17BF1E0B2A01291900F1E530 /* Debug */ = {
			isa = XCBuildConfiguration;
			buildSettings = {
				ALWAYS_SEARCH_USER_PATHS = NO;
				CLANG_ANALYZER_NONNULL = YES;
				CLANG_ANALYZER_NUMBER_OBJECT_CONVERSION = YES_AGGRESSIVE;
				CLANG_CXX_LANGUAGE_STANDARD = "gnu++20";
				CLANG_ENABLE_MODULES = YES;
				CLANG_ENABLE_OBJC_ARC = YES;
				CLANG_ENABLE_OBJC_WEAK = YES;
				CLANG_WARN_BLOCK_CAPTURE_AUTORELEASING = YES;
				CLANG_WARN_BOOL_CONVERSION = YES;
				CLANG_WARN_COMMA = YES;
				CLANG_WARN_CONSTANT_CONVERSION = YES;
				CLANG_WARN_DEPRECATED_OBJC_IMPLEMENTATIONS = YES;
				CLANG_WARN_DIRECT_OBJC_ISA_USAGE = YES_ERROR;
				CLANG_WARN_DOCUMENTATION_COMMENTS = YES;
				CLANG_WARN_EMPTY_BODY = YES;
				CLANG_WARN_ENUM_CONVERSION = YES;
				CLANG_WARN_INFINITE_RECURSION = YES;
				CLANG_WARN_INT_CONVERSION = YES;
				CLANG_WARN_NON_LITERAL_NULL_CONVERSION = YES;
				CLANG_WARN_OBJC_IMPLICIT_RETAIN_SELF = YES;
				CLANG_WARN_OBJC_LITERAL_CONVERSION = YES;
				CLANG_WARN_OBJC_ROOT_CLASS = YES_ERROR;
				CLANG_WARN_QUOTED_INCLUDE_IN_FRAMEWORK_HEADER = YES;
				CLANG_WARN_RANGE_LOOP_ANALYSIS = YES;
				CLANG_WARN_STRICT_PROTOTYPES = YES;
				CLANG_WARN_SUSPICIOUS_MOVE = YES;
				CLANG_WARN_UNGUARDED_AVAILABILITY = YES_AGGRESSIVE;
				CLANG_WARN_UNREACHABLE_CODE = YES;
				CLANG_WARN__DUPLICATE_METHOD_MATCH = YES;
				COPY_PHASE_STRIP = NO;
				DEBUG_INFORMATION_FORMAT = dwarf;
				ENABLE_STRICT_OBJC_MSGSEND = YES;
				ENABLE_TESTABILITY = YES;
				GCC_C_LANGUAGE_STANDARD = gnu11;
				GCC_DYNAMIC_NO_PIC = NO;
				GCC_NO_COMMON_BLOCKS = YES;
				GCC_OPTIMIZATION_LEVEL = 0;
				GCC_PREPROCESSOR_DEFINITIONS = (
					"DEBUG=1",
					"$(inherited)",
				);
				GCC_WARN_64_TO_32_BIT_CONVERSION = YES;
				GCC_WARN_ABOUT_RETURN_TYPE = YES_ERROR;
				GCC_WARN_UNDECLARED_SELECTOR = YES;
				GCC_WARN_UNINITIALIZED_AUTOS = YES_AGGRESSIVE;
				GCC_WARN_UNUSED_FUNCTION = YES;
				GCC_WARN_UNUSED_VARIABLE = YES;
				IPHONEOS_DEPLOYMENT_TARGET = 16.2;
				MTL_ENABLE_DEBUG_INFO = INCLUDE_SOURCE;
				MTL_FAST_MATH = YES;
				ONLY_ACTIVE_ARCH = YES;
				SDKROOT = iphoneos;
				SWIFT_ACTIVE_COMPILATION_CONDITIONS = DEBUG;
				SWIFT_OPTIMIZATION_LEVEL = "-Onone";
			};
			name = Debug;
		};
		17BF1E0C2A01291900F1E530 /* Release */ = {
			isa = XCBuildConfiguration;
			buildSettings = {
				ALWAYS_SEARCH_USER_PATHS = NO;
				CLANG_ANALYZER_NONNULL = YES;
				CLANG_ANALYZER_NUMBER_OBJECT_CONVERSION = YES_AGGRESSIVE;
				CLANG_CXX_LANGUAGE_STANDARD = "gnu++20";
				CLANG_ENABLE_MODULES = YES;
				CLANG_ENABLE_OBJC_ARC = YES;
				CLANG_ENABLE_OBJC_WEAK = YES;
				CLANG_WARN_BLOCK_CAPTURE_AUTORELEASING = YES;
				CLANG_WARN_BOOL_CONVERSION = YES;
				CLANG_WARN_COMMA = YES;
				CLANG_WARN_CONSTANT_CONVERSION = YES;
				CLANG_WARN_DEPRECATED_OBJC_IMPLEMENTATIONS = YES;
				CLANG_WARN_DIRECT_OBJC_ISA_USAGE = YES_ERROR;
				CLANG_WARN_DOCUMENTATION_COMMENTS = YES;
				CLANG_WARN_EMPTY_BODY = YES;
				CLANG_WARN_ENUM_CONVERSION = YES;
				CLANG_WARN_INFINITE_RECURSION = YES;
				CLANG_WARN_INT_CONVERSION = YES;
				CLANG_WARN_NON_LITERAL_NULL_CONVERSION = YES;
				CLANG_WARN_OBJC_IMPLICIT_RETAIN_SELF = YES;
				CLANG_WARN_OBJC_LITERAL_CONVERSION = YES;
				CLANG_WARN_OBJC_ROOT_CLASS = YES_ERROR;
				CLANG_WARN_QUOTED_INCLUDE_IN_FRAMEWORK_HEADER = YES;
				CLANG_WARN_RANGE_LOOP_ANALYSIS = YES;
				CLANG_WARN_STRICT_PROTOTYPES = YES;
				CLANG_WARN_SUSPICIOUS_MOVE = YES;
				CLANG_WARN_UNGUARDED_AVAILABILITY = YES_AGGRESSIVE;
				CLANG_WARN_UNREACHABLE_CODE = YES;
				CLANG_WARN__DUPLICATE_METHOD_MATCH = YES;
				COPY_PHASE_STRIP = NO;
				DEBUG_INFORMATION_FORMAT = "dwarf-with-dsym";
				ENABLE_NS_ASSERTIONS = NO;
				ENABLE_STRICT_OBJC_MSGSEND = YES;
				GCC_C_LANGUAGE_STANDARD = gnu11;
				GCC_NO_COMMON_BLOCKS = YES;
				GCC_WARN_64_TO_32_BIT_CONVERSION = YES;
				GCC_WARN_ABOUT_RETURN_TYPE = YES_ERROR;
				GCC_WARN_UNDECLARED_SELECTOR = YES;
				GCC_WARN_UNINITIALIZED_AUTOS = YES_AGGRESSIVE;
				GCC_WARN_UNUSED_FUNCTION = YES;
				GCC_WARN_UNUSED_VARIABLE = YES;
				IPHONEOS_DEPLOYMENT_TARGET = 16.2;
				MTL_ENABLE_DEBUG_INFO = NO;
				MTL_FAST_MATH = YES;
				SDKROOT = iphoneos;
				SWIFT_COMPILATION_MODE = wholemodule;
				SWIFT_OPTIMIZATION_LEVEL = "-O";
				VALIDATE_PRODUCT = YES;
			};
			name = Release;
		};
		17BF1E0E2A01291900F1E530 /* Debug */ = {
			isa = XCBuildConfiguration;
			buildSettings = {
				ASSETCATALOG_COMPILER_APPICON_NAME = AppIcon;
				ASSETCATALOG_COMPILER_GLOBAL_ACCENT_COLOR_NAME = AccentColor;
				CODE_SIGN_STYLE = Automatic;
				CURRENT_PROJECT_VERSION = 1;
				GENERATE_INFOPLIST_FILE = YES;
				INFOPLIST_FILE = "Life Plus/Info.plist";
				INFOPLIST_KEY_UIApplicationSupportsIndirectInputEvents = YES;
				INFOPLIST_KEY_UILaunchStoryboardName = LaunchScreen;
				INFOPLIST_KEY_UIMainStoryboardFile = Main;
				INFOPLIST_KEY_UISupportedInterfaceOrientations_iPad = "UIInterfaceOrientationPortrait UIInterfaceOrientationPortraitUpsideDown UIInterfaceOrientationLandscapeLeft UIInterfaceOrientationLandscapeRight";
				INFOPLIST_KEY_UISupportedInterfaceOrientations_iPhone = "UIInterfaceOrientationPortrait UIInterfaceOrientationLandscapeLeft UIInterfaceOrientationLandscapeRight";
				LD_RUNPATH_SEARCH_PATHS = (
					"$(inherited)",
					"@executable_path/Frameworks",
				);
				MARKETING_VERSION = 1.0;
				PRODUCT_BUNDLE_IDENTIFIER = "com.habibur.mhr.Life-Plus";
				PRODUCT_NAME = "$(TARGET_NAME)";
				SWIFT_EMIT_LOC_STRINGS = YES;
				SWIFT_VERSION = 5.0;
				TARGETED_DEVICE_FAMILY = "1,2";
			};
			name = Debug;
		};
		17BF1E0F2A01291900F1E530 /* Release */ = {
			isa = XCBuildConfiguration;
			buildSettings = {
				ASSETCATALOG_COMPILER_APPICON_NAME = AppIcon;
				ASSETCATALOG_COMPILER_GLOBAL_ACCENT_COLOR_NAME = AccentColor;
				CODE_SIGN_STYLE = Automatic;
				CURRENT_PROJECT_VERSION = 1;
				GENERATE_INFOPLIST_FILE = YES;
				INFOPLIST_FILE = "Life Plus/Info.plist";
				INFOPLIST_KEY_UIApplicationSupportsIndirectInputEvents = YES;
				INFOPLIST_KEY_UILaunchStoryboardName = LaunchScreen;
				INFOPLIST_KEY_UIMainStoryboardFile = Main;
				INFOPLIST_KEY_UISupportedInterfaceOrientations_iPad = "UIInterfaceOrientationPortrait UIInterfaceOrientationPortraitUpsideDown UIInterfaceOrientationLandscapeLeft UIInterfaceOrientationLandscapeRight";
				INFOPLIST_KEY_UISupportedInterfaceOrientations_iPhone = "UIInterfaceOrientationPortrait UIInterfaceOrientationLandscapeLeft UIInterfaceOrientationLandscapeRight";
				LD_RUNPATH_SEARCH_PATHS = (
					"$(inherited)",
					"@executable_path/Frameworks",
				);
				MARKETING_VERSION = 1.0;
				PRODUCT_BUNDLE_IDENTIFIER = "com.habibur.mhr.Life-Plus";
				PRODUCT_NAME = "$(TARGET_NAME)";
				SWIFT_EMIT_LOC_STRINGS = YES;
				SWIFT_VERSION = 5.0;
				TARGETED_DEVICE_FAMILY = "1,2";
			};
			name = Release;
		};
/* End XCBuildConfiguration section */

/* Begin XCConfigurationList section */
		17BF1DF42A01291500F1E530 /* Build configuration list for PBXProject "Life Plus" */ = {
			isa = XCConfigurationList;
			buildConfigurations = (
				17BF1E0B2A01291900F1E530 /* Debug */,
				17BF1E0C2A01291900F1E530 /* Release */,
			);
			defaultConfigurationIsVisible = 0;
			defaultConfigurationName = Release;
		};
		17BF1E0D2A01291900F1E530 /* Build configuration list for PBXNativeTarget "Life Plus" */ = {
			isa = XCConfigurationList;
			buildConfigurations = (
				17BF1E0E2A01291900F1E530 /* Debug */,
				17BF1E0F2A01291900F1E530 /* Release */,
			);
			defaultConfigurationIsVisible = 0;
			defaultConfigurationName = Release;
		};
/* End XCConfigurationList section */
	};
	rootObject = 17BF1DF12A01291500F1E530 /* Project object */;
}
